{
  "name": "fm.dev",
  "lockfileVersion": 2,
  "requires": true,
  "packages": {
    "": {
      "dependencies": {
        "@fortawesome/free-brands-svg-icons": "^6.1.1",
        "vue-session": "^1.0.0"
      }
    },
    "node_modules/@fortawesome/fontawesome-common-types": {
      "version": "6.1.1",
      "resolved": "https://registry.npmjs.org/@fortawesome/fontawesome-common-types/-/fontawesome-common-types-6.1.1.tgz",
      "integrity": "sha512-wVn5WJPirFTnzN6tR95abCx+ocH+3IFLXAgyavnf9hUmN0CfWoDjPT/BAWsUVwSlYYVBeCLJxaqi7ZGe4uSjBA==",
      "hasInstallScript": true,
      "engines": {
        "node": ">=6"
      }
    },
    "node_modules/@fortawesome/free-brands-svg-icons": {
      "version": "6.1.1",
      "resolved": "https://registry.npmjs.org/@fortawesome/free-brands-svg-icons/-/free-brands-svg-icons-6.1.1.tgz",
      "integrity": "sha512-mFbI/czjBZ+paUtw5NPr2IXjun5KAC8eFqh1hnxowjA4mMZxWz4GCIksq6j9ZSa6Uxj9JhjjDVEd77p2LN2Blg==",
      "hasInstallScript": true,
      "dependencies": {
        "@fortawesome/fontawesome-common-types": "6.1.1"
      },
      "engines": {
        "node": ">=6"
      }
    },
    "node_modules/vue-session": {
      "version": "1.0.0",
      "resolved": "https://registry.npmjs.org/vue-session/-/vue-session-1.0.0.tgz",
      "integrity": "sha512-Ep9lRKGgCZdcGV3In3R3zoSp5Wr+hlcIc8WJ9BG+QKzibwaFZnnvp9HBVdd+dU8d6HGLSi5sWywDmd5MkrkfoQ=="
    }
  },
  "dependencies": {
    "@fortawesome/fontawesome-common-types": {
      "version": "6.1.1",
      "resolved": "https://registry.npmjs.org/@fortawesome/fontawesome-common-types/-/fontawesome-common-types-6.1.1.tgz",
      "integrity": "sha512-wVn5WJPirFTnzN6tR95abCx+ocH+3IFLXAgyavnf9hUmN0CfWoDjPT/BAWsUVwSlYYVBeCLJxaqi7ZGe4uSjBA=="
    },
    "@fortawesome/free-brands-svg-icons": {
      "version": "6.1.1",
      "resolved": "https://registry.npmjs.org/@fortawesome/free-brands-svg-icons/-/free-brands-svg-icons-6.1.1.tgz",
      "integrity": "sha512-mFbI/czjBZ+paUtw5NPr2IXjun5KAC8eFqh1hnxowjA4mMZxWz4GCIksq6j9ZSa6Uxj9JhjjDVEd77p2LN2Blg==",
      "requires": {
        "@fortawesome/fontawesome-common-types": "6.1.1"
      }
    },
    "vue-session": {
      "version": "1.0.0",
      "resolved": "https://registry.npmjs.org/vue-session/-/vue-session-1.0.0.tgz",
      "integrity": "sha512-Ep9lRKGgCZdcGV3In3R3zoSp5Wr+hlcIc8WJ9BG+QKzibwaFZnnvp9HBVdd+dU8d6HGLSi5sWywDmd5MkrkfoQ=="
    }
  }
}
